
Microsoft Visual Studio Solution File, Format Version 9.00
# Visual Studio 2005
Project("{8BC9CEB8-8B4A-11D0-8D11-00A0C91BC942}") = "TextQuery", "TextQuery\TextQuery.vcproj", "{9F3165BA-0E41-4165-842E-B8EEB8480764}"
EndProject
Project("{8BC9CEB8-8B4A-11D0-8D11-00A0C91BC942}") = "STL_ALG", "STL_ALG\STL_ALG.vcproj", "{9394D760-54C7-444D-88DD-0D00B81F35DB}"
EndProject
Project("{8BC9CEB8-8B4A-11D0-8D11-00A0C91BC942}") = "STL_CONTAINER", "STL_CONTAINER\STL_CONTAINER.vcproj", "{379DA555-83A9-45B8-9D6D-B7A49C4AB998}"
EndProject
Project("{8BC9CEB8-8B4A-11D0-8D11-00A0C91BC942}") = "STL_Iter", "STL_Iter\STL_Iter.vcproj", "{7BDA237A-DB25-4C6F-826D-6AA94B6E6146}"
EndProject
Project("{8BC9CEB8-8B4A-11D0-8D11-00A0C91BC942}") = "IO", "IO\IO.vcproj", "{00BF59A2-C9DC-4CFC-A6B2-99041DC39BF1}"
EndProject
Project("{8BC9CEB8-8B4A-11D0-8D11-00A0C91BC942}") = "WinApp", "WinApp\WinApp.vcproj", "{B1184C51-C5A8-4996-AA95-85F3AA21EB59}"
EndProject
Project("{8BC9CEB8-8B4A-11D0-8D11-00A0C91BC942}") = "MyApp", "MyApp\MyApp.vcproj", "{0A1AA0DF-6630-4589-ABF4-11FEED35E4B1}"
EndProject
Global
	GlobalSection(SolutionConfigurationPlatforms) = preSolution
		Debug|Win32 = Debug|Win32
		Release|Win32 = Release|Win32
	EndGlobalSection
	GlobalSection(ProjectConfigurationPlatforms) = postSolution
		{9F3165BA-0E41-4165-842E-B8EEB8480764}.Debug|Win32.ActiveCfg = Debug|Win32
		{9F3165BA-0E41-4165-842E-B8EEB8480764}.Debug|Win32.Build.0 = Debug|Win32
		{9F3165BA-0E41-4165-842E-B8EEB8480764}.Release|Win32.ActiveCfg = Release|Win32
		{9F3165BA-0E41-4165-842E-B8EEB8480764}.Release|Win32.Build.0 = Release|Win32
		{9394D760-54C7-444D-88DD-0D00B81F35DB}.Debug|Win32.ActiveCfg = Debug|Win32
		{9394D760-54C7-444D-88DD-0D00B81F35DB}.Debug|Win32.Build.0 = Debug|Win32
		{9394D760-54C7-444D-88DD-0D00B81F35DB}.Release|Win32.ActiveCfg = Release|Win32
		{9394D760-54C7-444D-88DD-0D00B81F35DB}.Release|Win32.Build.0 = Release|Win32
		{379DA555-83A9-45B8-9D6D-B7A49C4AB998}.Debug|Win32.ActiveCfg = Debug|Win32
		{379DA555-83A9-45B8-9D6D-B7A49C4AB998}.Debug|Win32.Build.0 = Debug|Win32
		{379DA555-83A9-45B8-9D6D-B7A49C4AB998}.Release|Win32.ActiveCfg = Release|Win32
		{379DA555-83A9-45B8-9D6D-B7A49C4AB998}.Release|Win32.Build.0 = Release|Win32
		{7BDA237A-DB25-4C6F-826D-6AA94B6E6146}.Debug|Win32.ActiveCfg = Debug|Win32
		{7BDA237A-DB25-4C6F-826D-6AA94B6E6146}.Debug|Win32.Build.0 = Debug|Win32
		{7BDA237A-DB25-4C6F-826D-6AA94B6E6146}.Release|Win32.ActiveCfg = Release|Win32
		{7BDA237A-DB25-4C6F-826D-6AA94B6E6146}.Release|Win32.Build.0 = Release|Win32
		{00BF59A2-C9DC-4CFC-A6B2-99041DC39BF1}.Debug|Win32.ActiveCfg = Debug|Win32
		{00BF59A2-C9DC-4CFC-A6B2-99041DC39BF1}.Debug|Win32.Build.0 = Debug|Win32
		{00BF59A2-C9DC-4CFC-A6B2-99041DC39BF1}.Release|Win32.ActiveCfg = Release|Win32
		{00BF59A2-C9DC-4CFC-A6B2-99041DC39BF1}.Release|Win32.Build.0 = Release|Win32
		{B1184C51-C5A8-4996-AA95-85F3AA21EB59}.Debug|Win32.ActiveCfg = Debug|Win32
		{B1184C51-C5A8-4996-AA95-85F3AA21EB59}.Debug|Win32.Build.0 = Debug|Win32
		{B1184C51-C5A8-4996-AA95-85F3AA21EB59}.Release|Win32.ActiveCfg = Release|Win32
		{B1184C51-C5A8-4996-AA95-85F3AA21EB59}.Release|Win32.Build.0 = Release|Win32
		{0A1AA0DF-6630-4589-ABF4-11FEED35E4B1}.Debug|Win32.ActiveCfg = Debug|Win32
		{0A1AA0DF-6630-4589-ABF4-11FEED35E4B1}.Debug|Win32.Build.0 = Debug|Win32
		{0A1AA0DF-6630-4589-ABF4-11FEED35E4B1}.Release|Win32.ActiveCfg = Release|Win32
		{0A1AA0DF-6630-4589-ABF4-11FEED35E4B1}.Release|Win32.Build.0 = Release|Win32
	EndGlobalSection
	GlobalSection(SolutionProperties) = preSolution
		HideSolutionNode = FALSE
	EndGlobalSection
EndGlobal
