
Microsoft Visual Studio Solution File, Format Version 9.00
# Visual Studio 2005
Project("{8BC9CEB8-8B4A-11D0-8D11-00A0C91BC942}") = "CH7", "..\CH7\CH7.vcproj", "{D1F4674D-4125-4D45-8615-8FFE8965C756}"
EndProject
Project("{8BC9CEB8-8B4A-11D0-8D11-00A0C91BC942}") = "7-5", "7-5\7-5.vcproj", "{A33FB6DC-9A83-4040-9EFF-F25C555EE6F8}"
EndProject
Project("{8BC9CEB8-8B4A-11D0-8D11-00A0C91BC942}") = "E8", "E8\E8.vcproj", "{109138F2-BAAA-41FF-8750-B19C6DD0615B}"
EndProject
Project("{8BC9CEB8-8B4A-11D0-8D11-00A0C91BC942}") = "Complex", "Complex\Complex.vcproj", "{F4597336-7B46-45A8-97C5-39A8B5799B73}"
EndProject
Global
	GlobalSection(SolutionConfigurationPlatforms) = preSolution
		Debug|Win32 = Debug|Win32
		Release|Win32 = Release|Win32
	EndGlobalSection
	GlobalSection(ProjectConfigurationPlatforms) = postSolution
		{D1F4674D-4125-4D45-8615-8FFE8965C756}.Debug|Win32.ActiveCfg = Debug|Win32
		{D1F4674D-4125-4D45-8615-8FFE8965C756}.Debug|Win32.Build.0 = Debug|Win32
		{D1F4674D-4125-4D45-8615-8FFE8965C756}.Release|Win32.ActiveCfg = Release|Win32
		{D1F4674D-4125-4D45-8615-8FFE8965C756}.Release|Win32.Build.0 = Release|Win32
		{A33FB6DC-9A83-4040-9EFF-F25C555EE6F8}.Debug|Win32.ActiveCfg = Debug|Win32
		{A33FB6DC-9A83-4040-9EFF-F25C555EE6F8}.Debug|Win32.Build.0 = Debug|Win32
		{A33FB6DC-9A83-4040-9EFF-F25C555EE6F8}.Release|Win32.ActiveCfg = Release|Win32
		{A33FB6DC-9A83-4040-9EFF-F25C555EE6F8}.Release|Win32.Build.0 = Release|Win32
		{109138F2-BAAA-41FF-8750-B19C6DD0615B}.Debug|Win32.ActiveCfg = Debug|Win32
		{109138F2-BAAA-41FF-8750-B19C6DD0615B}.Debug|Win32.Build.0 = Debug|Win32
		{109138F2-BAAA-41FF-8750-B19C6DD0615B}.Release|Win32.ActiveCfg = Release|Win32
		{109138F2-BAAA-41FF-8750-B19C6DD0615B}.Release|Win32.Build.0 = Release|Win32
		{F4597336-7B46-45A8-97C5-39A8B5799B73}.Debug|Win32.ActiveCfg = Debug|Win32
		{F4597336-7B46-45A8-97C5-39A8B5799B73}.Debug|Win32.Build.0 = Debug|Win32
		{F4597336-7B46-45A8-97C5-39A8B5799B73}.Release|Win32.ActiveCfg = Release|Win32
		{F4597336-7B46-45A8-97C5-39A8B5799B73}.Release|Win32.Build.0 = Release|Win32
	EndGlobalSection
	GlobalSection(SolutionProperties) = preSolution
		HideSolutionNode = FALSE
	EndGlobalSection
EndGlobal
